// !$*UTF8*$!
{
	archiveVersion = 1;
	classes = {
	};
	objectVersion = 55;
	objects = {

/* Begin PBXBuildFile section */
		636F54C628A9FB5300A2F28D /* MainCollectionViewCell.swift in Sources */ = {isa = PBXBuildFile; fileRef = 636F54C528A9FB5300A2F28D /* MainCollectionViewCell.swift */; };
		636F54C928AA01FA00A2F28D /* APIManager.swift in Sources */ = {isa = PBXBuildFile; fileRef = 636F54C828AA01FA00A2F28D /* APIManager.swift */; };
		636F54CC28AA021000A2F28D /* Room No.703 OTF.otf in Resources */ = {isa = PBXBuildFile; fileRef = 636F54CB28AA021000A2F28D /* Room No.703 OTF.otf */; };
		636F54CF28AA069800A2F28D /* ReusrableProtocol.swift in Sources */ = {isa = PBXBuildFile; fileRef = 636F54CE28AA069800A2F28D /* ReusrableProtocol.swift */; };
		636F54D228AA0BF300A2F28D /* Kingfisher in Frameworks */ = {isa = PBXBuildFile; productRef = 636F54D128AA0BF300A2F28D /* Kingfisher */; };
		636F54D528AA0BFE00A2F28D /* SwiftyJSON in Frameworks */ = {isa = PBXBuildFile; productRef = 636F54D428AA0BFE00A2F28D /* SwiftyJSON */; };
		636F54D828AA0C0700A2F28D /* Alamofire in Frameworks */ = {isa = PBXBuildFile; productRef = 636F54D728AA0C0700A2F28D /* Alamofire */; };
		639A72CD28A643A300AAED19 /* AppDelegate.swift in Sources */ = {isa = PBXBuildFile; fileRef = 639A72CC28A643A300AAED19 /* AppDelegate.swift */; };
		639A72CF28A643A300AAED19 /* SceneDelegate.swift in Sources */ = {isa = PBXBuildFile; fileRef = 639A72CE28A643A300AAED19 /* SceneDelegate.swift */; };
		639A72D128A643A300AAED19 /* ViewController.swift in Sources */ = {isa = PBXBuildFile; fileRef = 639A72D028A643A300AAED19 /* ViewController.swift */; };
		639A72D428A643A300AAED19 /* Main.storyboard in Resources */ = {isa = PBXBuildFile; fileRef = 639A72D228A643A300AAED19 /* Main.storyboard */; };
		639A72D628A643A400AAED19 /* Assets.xcassets in Resources */ = {isa = PBXBuildFile; fileRef = 639A72D528A643A400AAED19 /* Assets.xcassets */; };
		639A72D928A643A400AAED19 /* LaunchScreen.storyboard in Resources */ = {isa = PBXBuildFile; fileRef = 639A72D728A643A400AAED19 /* LaunchScreen.storyboard */; };
		639A72E128A6476100AAED19 /* .gitignore in Resources */ = {isa = PBXBuildFile; fileRef = 639A72E028A6476100AAED19 /* .gitignore */; };
		639A72E328A6478300AAED19 /* APIKey.swift in Sources */ = {isa = PBXBuildFile; fileRef = 639A72E228A6478300AAED19 /* APIKey.swift */; };
/* End PBXBuildFile section */

/* Begin PBXFileReference section */
		636F54C528A9FB5300A2F28D /* MainCollectionViewCell.swift */ = {isa = PBXFileReference; lastKnownFileType = sourcecode.swift; path = MainCollectionViewCell.swift; sourceTree = "<group>"; };
		636F54C828AA01FA00A2F28D /* APIManager.swift */ = {isa = PBXFileReference; lastKnownFileType = sourcecode.swift; path = APIManager.swift; sourceTree = "<group>"; };
		636F54CB28AA021000A2F28D /* Room No.703 OTF.otf */ = {isa = PBXFileReference; lastKnownFileType = file; path = "Room No.703 OTF.otf"; sourceTree = "<group>"; };
		636F54CE28AA069800A2F28D /* ReusrableProtocol.swift */ = {isa = PBXFileReference; lastKnownFileType = sourcecode.swift; path = ReusrableProtocol.swift; sourceTree = "<group>"; };
		639A72C928A643A300AAED19 /* WeatherDiary.app */ = {isa = PBXFileReference; explicitFileType = wrapper.application; includeInIndex = 0; path = WeatherDiary.app; sourceTree = BUILT_PRODUCTS_DIR; };
		639A72CC28A643A300AAED19 /* AppDelegate.swift */ = {isa = PBXFileReference; lastKnownFileType = sourcecode.swift; path = AppDelegate.swift; sourceTree = "<group>"; };
		639A72CE28A643A300AAED19 /* SceneDelegate.swift */ = {isa = PBXFileReference; lastKnownFileType = sourcecode.swift; path = SceneDelegate.swift; sourceTree = "<group>"; };
		639A72D028A643A300AAED19 /* ViewController.swift */ = {isa = PBXFileReference; lastKnownFileType = sourcecode.swift; path = ViewController.swift; sourceTree = "<group>"; };
		639A72D328A643A300AAED19 /* Base */ = {isa = PBXFileReference; lastKnownFileType = file.storyboard; name = Base; path = Base.lproj/Main.storyboard; sourceTree = "<group>"; };
		639A72D528A643A400AAED19 /* Assets.xcassets */ = {isa = PBXFileReference; lastKnownFileType = folder.assetcatalog; path = Assets.xcassets; sourceTree = "<group>"; };
		639A72D828A643A400AAED19 /* Base */ = {isa = PBXFileReference; lastKnownFileType = file.storyboard; name = Base; path = Base.lproj/LaunchScreen.storyboard; sourceTree = "<group>"; };
		639A72DA28A643A400AAED19 /* Info.plist */ = {isa = PBXFileReference; lastKnownFileType = text.plist.xml; path = Info.plist; sourceTree = "<group>"; };
		639A72E028A6476100AAED19 /* .gitignore */ = {isa = PBXFileReference; lastKnownFileType = text; path = .gitignore; sourceTree = "<group>"; };
		639A72E228A6478300AAED19 /* APIKey.swift */ = {isa = PBXFileReference; lastKnownFileType = sourcecode.swift; path = APIKey.swift; sourceTree = "<group>"; };
/* End PBXFileReference section */

/* Begin PBXFrameworksBuildPhase section */
		639A72C628A643A300AAED19 /* Frameworks */ = {
			isa = PBXFrameworksBuildPhase;
			buildActionMask = 2147483647;
			files = (
				636F54D828AA0C0700A2F28D /* Alamofire in Frameworks */,
				636F54D528AA0BFE00A2F28D /* SwiftyJSON in Frameworks */,
				636F54D228AA0BF300A2F28D /* Kingfisher in Frameworks */,
			);
			runOnlyForDeploymentPostprocessing = 0;
		};
/* End PBXFrameworksBuildPhase section */

/* Begin PBXGroup section */
		636F54C728AA01E600A2F28D /* Resource */ = {
			isa = PBXGroup;
			children = (
				639A72E228A6478300AAED19 /* APIKey.swift */,
				636F54C828AA01FA00A2F28D /* APIManager.swift */,
			);
			path = Resource;
			sourceTree = "<group>";
		};
		636F54CA28AA020200A2F28D /* Font */ = {
			isa = PBXGroup;
			children = (
				636F54CB28AA021000A2F28D /* Room No.703 OTF.otf */,
			);
			path = Font;
			sourceTree = "<group>";
		};
		636F54CD28AA068600A2F28D /* Protocol */ = {
			isa = PBXGroup;
			children = (
				636F54CE28AA069800A2F28D /* ReusrableProtocol.swift */,
			);
			path = Protocol;
			sourceTree = "<group>";
		};
		639A72C028A643A300AAED19 = {
			isa = PBXGroup;
			children = (
				639A72E028A6476100AAED19 /* .gitignore */,
				639A72CB28A643A300AAED19 /* WeatherDiary */,
				639A72CA28A643A300AAED19 /* Products */,
			);
			sourceTree = "<group>";
		};
		639A72CA28A643A300AAED19 /* Products */ = {
			isa = PBXGroup;
			children = (
				639A72C928A643A300AAED19 /* WeatherDiary.app */,
			);
			name = Products;
			sourceTree = "<group>";
		};
		639A72CB28A643A300AAED19 /* WeatherDiary */ = {
			isa = PBXGroup;
			children = (
				636F54CA28AA020200A2F28D /* Font */,
				636F54C728AA01E600A2F28D /* Resource */,
				636F54CD28AA068600A2F28D /* Protocol */,
				639A72CC28A643A300AAED19 /* AppDelegate.swift */,
				639A72CE28A643A300AAED19 /* SceneDelegate.swift */,
				639A72D028A643A300AAED19 /* ViewController.swift */,
				639A72D228A643A300AAED19 /* Main.storyboard */,
				636F54C528A9FB5300A2F28D /* MainCollectionViewCell.swift */,
				639A72D528A643A400AAED19 /* Assets.xcassets */,
				639A72D728A643A400AAED19 /* LaunchScreen.storyboard */,
				639A72DA28A643A400AAED19 /* Info.plist */,
			);
			path = WeatherDiary;
			sourceTree = "<group>";
		};
/* End PBXGroup section */

/* Begin PBXNativeTarget section */
		639A72C828A643A300AAED19 /* WeatherDiary */ = {
			isa = PBXNativeTarget;
			buildConfigurationList = 639A72DD28A643A400AAED19 /* Build configuration list for PBXNativeTarget "WeatherDiary" */;
			buildPhases = (
				639A72C528A643A300AAED19 /* Sources */,
				639A72C628A643A300AAED19 /* Frameworks */,
				639A72C728A643A300AAED19 /* Resources */,
			);
			buildRules = (
			);
			dependencies = (
			);
			name = WeatherDiary;
			packageProductDependencies = (
				636F54D128AA0BF300A2F28D /* Kingfisher */,
				636F54D428AA0BFE00A2F28D /* SwiftyJSON */,
				636F54D728AA0C0700A2F28D /* Alamofire */,
			);
			productName = WeatherDiary;
			productReference = 639A72C928A643A300AAED19 /* WeatherDiary.app */;
			productType = "com.apple.product-type.application";
		};
/* End PBXNativeTarget section */

/* Begin PBXProject section */
		639A72C128A643A300AAED19 /* Project object */ = {
			isa = PBXProject;
			attributes = {
				BuildIndependentTargetsInParallel = 1;
				LastSwiftUpdateCheck = 1340;
				LastUpgradeCheck = 1340;
				TargetAttributes = {
					639A72C828A643A300AAED19 = {
						CreatedOnToolsVersion = 13.4.1;
					};
				};
			};
			buildConfigurationList = 639A72C428A643A300AAED19 /* Build configuration list for PBXProject "WeatherDiary" */;
			compatibilityVersion = "Xcode 13.0";
			developmentRegion = en;
			hasScannedForEncodings = 0;
			knownRegions = (
				en,
				Base,
			);
			mainGroup = 639A72C028A643A300AAED19;
			packageReferences = (
				636F54D028AA0BF300A2F28D /* XCRemoteSwiftPackageReference "Kingfisher" */,
				636F54D328AA0BFE00A2F28D /* XCRemoteSwiftPackageReference "SwiftyJSON" */,
				636F54D628AA0C0700A2F28D /* XCRemoteSwiftPackageReference "Alamofire" */,
			);
			productRefGroup = 639A72CA28A643A300AAED19 /* Products */;
			projectDirPath = "";
			projectRoot = "";
			targets = (
				639A72C828A643A300AAED19 /* WeatherDiary */,
			);
		};
/* End PBXProject section */

/* Begin PBXResourcesBuildPhase section */
		639A72C728A643A300AAED19 /* Resources */ = {
			isa = PBXResourcesBuildPhase;
			buildActionMask = 2147483647;
			files = (
				639A72E128A6476100AAED19 /* .gitignore in Resources */,
				639A72D928A643A400AAED19 /* LaunchScreen.storyboard in Resources */,
				639A72D628A643A400AAED19 /* Assets.xcassets in Resources */,
				639A72D428A643A300AAED19 /* Main.storyboard in Resources */,
				636F54CC28AA021000A2F28D /* Room No.703 OTF.otf in Resources */,
			);
			runOnlyForDeploymentPostprocessing = 0;
		};
/* End PBXResourcesBuildPhase section */

/* Begin PBXSourcesBuildPhase section */
		639A72C528A643A300AAED19 /* Sources */ = {
			isa = PBXSourcesBuildPhase;
			buildActionMask = 2147483647;
			files = (
				636F54C928AA01FA00A2F28D /* APIManager.swift in Sources */,
				636F54CF28AA069800A2F28D /* ReusrableProtocol.swift in Sources */,
				639A72D128A643A300AAED19 /* ViewController.swift in Sources */,
				639A72CD28A643A300AAED19 /* AppDelegate.swift in Sources */,
				636F54C628A9FB5300A2F28D /* MainCollectionViewCell.swift in Sources */,
				639A72E328A6478300AAED19 /* APIKey.swift in Sources */,
				639A72CF28A643A300AAED19 /* SceneDelegate.swift in Sources */,
			);
			runOnlyForDeploymentPostprocessing = 0;
		};
/* End PBXSourcesBuildPhase section */

/* Begin PBXVariantGroup section */
		639A72D228A643A300AAED19 /* Main.storyboard */ = {
			isa = PBXVariantGroup;
			children = (
				639A72D328A643A300AAED19 /* Base */,
			);
			name = Main.storyboard;
			sourceTree = "<group>";
		};
		639A72D728A643A400AAED19 /* LaunchScreen.storyboard */ = {
			isa = PBXVariantGroup;
			children = (
				639A72D828A643A400AAED19 /* Base */,
			);
			name = LaunchScreen.storyboard;
			sourceTree = "<group>";
		};
/* End PBXVariantGroup section */

/* Begin XCBuildConfiguration section */
		639A72DB28A643A400AAED19 /* Debug */ = {
			isa = XCBuildConfiguration;
			buildSettings = {
				ALWAYS_SEARCH_USER_PATHS = NO;
				CLANG_ANALYZER_NONNULL = YES;
				CLANG_ANALYZER_NUMBER_OBJECT_CONVERSION = YES_AGGRESSIVE;
				CLANG_CXX_LANGUAGE_STANDARD = "gnu++17";
				CLANG_ENABLE_MODULES = YES;
				CLANG_ENABLE_OBJC_ARC = YES;
				CLANG_ENABLE_OBJC_WEAK = YES;
				CLANG_WARN_BLOCK_CAPTURE_AUTORELEASING = YES;
				CLANG_WARN_BOOL_CONVERSION = YES;
				CLANG_WARN_COMMA = YES;
				CLANG_WARN_CONSTANT_CONVERSION = YES;
				CLANG_WARN_DEPRECATED_OBJC_IMPLEMENTATIONS = YES;
				CLANG_WARN_DIRECT_OBJC_ISA_USAGE = YES_ERROR;
				CLANG_WARN_DOCUMENTATION_COMMENTS = YES;
				CLANG_WARN_EMPTY_BODY = YES;
				CLANG_WARN_ENUM_CONVERSION = YES;
				CLANG_WARN_INFINITE_RECURSION = YES;
				CLANG_WARN_INT_CONVERSION = YES;
				CLANG_WARN_NON_LITERAL_NULL_CONVERSION = YES;
				CLANG_WARN_OBJC_IMPLICIT_RETAIN_SELF = YES;
				CLANG_WARN_OBJC_LITERAL_CONVERSION = YES;
				CLANG_WARN_OBJC_ROOT_CLASS = YES_ERROR;
				CLANG_WARN_QUOTED_INCLUDE_IN_FRAMEWORK_HEADER = YES;
				CLANG_WARN_RANGE_LOOP_ANALYSIS = YES;
				CLANG_WARN_STRICT_PROTOTYPES = YES;
				CLANG_WARN_SUSPICIOUS_MOVE = YES;
				CLANG_WARN_UNGUARDED_AVAILABILITY = YES_AGGRESSIVE;
				CLANG_WARN_UNREACHABLE_CODE = YES;
				CLANG_WARN__DUPLICATE_METHOD_MATCH = YES;
				COPY_PHASE_STRIP = NO;
				DEBUG_INFORMATION_FORMAT = dwarf;
				ENABLE_STRICT_OBJC_MSGSEND = YES;
				ENABLE_TESTABILITY = YES;
				GCC_C_LANGUAGE_STANDARD = gnu11;
				GCC_DYNAMIC_NO_PIC = NO;
				GCC_NO_COMMON_BLOCKS = YES;
				GCC_OPTIMIZATION_LEVEL = 0;
				GCC_PREPROCESSOR_DEFINITIONS = (
					"DEBUG=1",
					"$(inherited)",
				);
				GCC_WARN_64_TO_32_BIT_CONVERSION = YES;
				GCC_WARN_ABOUT_RETURN_TYPE = YES_ERROR;
				GCC_WARN_UNDECLARED_SELECTOR = YES;
				GCC_WARN_UNINITIALIZED_AUTOS = YES_AGGRESSIVE;
				GCC_WARN_UNUSED_FUNCTION = YES;
				GCC_WARN_UNUSED_VARIABLE = YES;
				IPHONEOS_DEPLOYMENT_TARGET = 15.5;
				MTL_ENABLE_DEBUG_INFO = INCLUDE_SOURCE;
				MTL_FAST_MATH = YES;
				ONLY_ACTIVE_ARCH = YES;
				SDKROOT = iphoneos;
				SWIFT_ACTIVE_COMPILATION_CONDITIONS = DEBUG;
				SWIFT_OPTIMIZATION_LEVEL = "-Onone";
			};
			name = Debug;
		};
		639A72DC28A643A400AAED19 /* Release */ = {
			isa = XCBuildConfiguration;
			buildSettings = {
				ALWAYS_SEARCH_USER_PATHS = NO;
				CLANG_ANALYZER_NONNULL = YES;
				CLANG_ANALYZER_NUMBER_OBJECT_CONVERSION = YES_AGGRESSIVE;
				CLANG_CXX_LANGUAGE_STANDARD = "gnu++17";
				CLANG_ENABLE_MODULES = YES;
				CLANG_ENABLE_OBJC_ARC = YES;
				CLANG_ENABLE_OBJC_WEAK = YES;
				CLANG_WARN_BLOCK_CAPTURE_AUTORELEASING = YES;
				CLANG_WARN_BOOL_CONVERSION = YES;
				CLANG_WARN_COMMA = YES;
				CLANG_WARN_CONSTANT_CONVERSION = YES;
				CLANG_WARN_DEPRECATED_OBJC_IMPLEMENTATIONS = YES;
				CLANG_WARN_DIRECT_OBJC_ISA_USAGE = YES_ERROR;
				CLANG_WARN_DOCUMENTATION_COMMENTS = YES;
				CLANG_WARN_EMPTY_BODY = YES;
				CLANG_WARN_ENUM_CONVERSION = YES;
				CLANG_WARN_INFINITE_RECURSION = YES;
				CLANG_WARN_INT_CONVERSION = YES;
				CLANG_WARN_NON_LITERAL_NULL_CONVERSION = YES;
				CLANG_WARN_OBJC_IMPLICIT_RETAIN_SELF = YES;
				CLANG_WARN_OBJC_LITERAL_CONVERSION = YES;
				CLANG_WARN_OBJC_ROOT_CLASS = YES_ERROR;
				CLANG_WARN_QUOTED_INCLUDE_IN_FRAMEWORK_HEADER = YES;
				CLANG_WARN_RANGE_LOOP_ANALYSIS = YES;
				CLANG_WARN_STRICT_PROTOTYPES = YES;
				CLANG_WARN_SUSPICIOUS_MOVE = YES;
				CLANG_WARN_UNGUARDED_AVAILABILITY = YES_AGGRESSIVE;
				CLANG_WARN_UNREACHABLE_CODE = YES;
				CLANG_WARN__DUPLICATE_METHOD_MATCH = YES;
				COPY_PHASE_STRIP = NO;
				DEBUG_INFORMATION_FORMAT = "dwarf-with-dsym";
				ENABLE_NS_ASSERTIONS = NO;
				ENABLE_STRICT_OBJC_MSGSEND = YES;
				GCC_C_LANGUAGE_STANDARD = gnu11;
				GCC_NO_COMMON_BLOCKS = YES;
				GCC_WARN_64_TO_32_BIT_CONVERSION = YES;
				GCC_WARN_ABOUT_RETURN_TYPE = YES_ERROR;
				GCC_WARN_UNDECLARED_SELECTOR = YES;
				GCC_WARN_UNINITIALIZED_AUTOS = YES_AGGRESSIVE;
				GCC_WARN_UNUSED_FUNCTION = YES;
				GCC_WARN_UNUSED_VARIABLE = YES;
				IPHONEOS_DEPLOYMENT_TARGET = 15.5;
				MTL_ENABLE_DEBUG_INFO = NO;
				MTL_FAST_MATH = YES;
				SDKROOT = iphoneos;
				SWIFT_COMPILATION_MODE = wholemodule;
				SWIFT_OPTIMIZATION_LEVEL = "-O";
				VALIDATE_PRODUCT = YES;
			};
			name = Release;
		};
		639A72DE28A643A400AAED19 /* Debug */ = {
			isa = XCBuildConfiguration;
			buildSettings = {
				ASSETCATALOG_COMPILER_APPICON_NAME = AppIcon;
				ASSETCATALOG_COMPILER_GLOBAL_ACCENT_COLOR_NAME = AccentColor;
				CODE_SIGN_STYLE = Automatic;
				CURRENT_PROJECT_VERSION = 1;
				DEVELOPMENT_TEAM = QV329P6X5G;
				GENERATE_INFOPLIST_FILE = YES;
				INFOPLIST_FILE = WeatherDiary/Info.plist;
				INFOPLIST_KEY_UIApplicationSupportsIndirectInputEvents = YES;
				INFOPLIST_KEY_UILaunchStoryboardName = LaunchScreen;
				INFOPLIST_KEY_UIMainStoryboardFile = Main;
				INFOPLIST_KEY_UISupportedInterfaceOrientations = UIInterfaceOrientationPortrait;
				INFOPLIST_KEY_UISupportedInterfaceOrientations_iPad = "UIInterfaceOrientationPortrait UIInterfaceOrientationPortraitUpsideDown UIInterfaceOrientationLandscapeLeft UIInterfaceOrientationLandscapeRight";
				INFOPLIST_KEY_UISupportedInterfaceOrientations_iPhone = UIInterfaceOrientationPortrait;
				LD_RUNPATH_SEARCH_PATHS = (
					"$(inherited)",
					"@executable_path/Frameworks",
				);
				MARKETING_VERSION = 1.0;
				PRODUCT_BUNDLE_IDENTIFIER = com.jj.WeatherDiary;
				PRODUCT_NAME = "$(TARGET_NAME)";
				SWIFT_EMIT_LOC_STRINGS = YES;
				SWIFT_VERSION = 5.0;
				TARGETED_DEVICE_FAMILY = 1;
			};
			name = Debug;
		};
		639A72DF28A643A400AAED19 /* Release */ = {
			isa = XCBuildConfiguration;
			buildSettings = {
				ASSETCATALOG_COMPILER_APPICON_NAME = AppIcon;
				ASSETCATALOG_COMPILER_GLOBAL_ACCENT_COLOR_NAME = AccentColor;
				CODE_SIGN_STYLE = Automatic;
				CURRENT_PROJECT_VERSION = 1;
				DEVELOPMENT_TEAM = QV329P6X5G;
				GENERATE_INFOPLIST_FILE = YES;
				INFOPLIST_FILE = WeatherDiary/Info.plist;
				INFOPLIST_KEY_UIApplicationSupportsIndirectInputEvents = YES;
				INFOPLIST_KEY_UILaunchStoryboardName = LaunchScreen;
				INFOPLIST_KEY_UIMainStoryboardFile = Main;
				INFOPLIST_KEY_UISupportedInterfaceOrientations = UIInterfaceOrientationPortrait;
				INFOPLIST_KEY_UISupportedInterfaceOrientations_iPad = "UIInterfaceOrientationPortrait UIInterfaceOrientationPortraitUpsideDown UIInterfaceOrientationLandscapeLeft UIInterfaceOrientationLandscapeRight";
				INFOPLIST_KEY_UISupportedInterfaceOrientations_iPhone = UIInterfaceOrientationPortrait;
				LD_RUNPATH_SEARCH_PATHS = (
					"$(inherited)",
					"@executable_path/Frameworks",
				);
				MARKETING_VERSION = 1.0;
				PRODUCT_BUNDLE_IDENTIFIER = com.jj.WeatherDiary;
				PRODUCT_NAME = "$(TARGET_NAME)";
				SWIFT_EMIT_LOC_STRINGS = YES;
				SWIFT_VERSION = 5.0;
				TARGETED_DEVICE_FAMILY = 1;
			};
			name = Release;
		};
/* End XCBuildConfiguration section */

/* Begin XCConfigurationList section */
		639A72C428A643A300AAED19 /* Build configuration list for PBXProject "WeatherDiary" */ = {
			isa = XCConfigurationList;
			buildConfigurations = (
				639A72DB28A643A400AAED19 /* Debug */,
				639A72DC28A643A400AAED19 /* Release */,
			);
			defaultConfigurationIsVisible = 0;
			defaultConfigurationName = Release;
		};
		639A72DD28A643A400AAED19 /* Build configuration list for PBXNativeTarget "WeatherDiary" */ = {
			isa = XCConfigurationList;
			buildConfigurations = (
				639A72DE28A643A400AAED19 /* Debug */,
				639A72DF28A643A400AAED19 /* Release */,
			);
			defaultConfigurationIsVisible = 0;
			defaultConfigurationName = Release;
		};
/* End XCConfigurationList section */

/* Begin XCRemoteSwiftPackageReference section */
		636F54D028AA0BF300A2F28D /* XCRemoteSwiftPackageReference "Kingfisher" */ = {
			isa = XCRemoteSwiftPackageReference;
			repositoryURL = "https://github.com/onevcat/Kingfisher.git";
			requirement = {
				kind = upToNextMajorVersion;
				minimumVersion = 7.0.0;
			};
		};
		636F54D328AA0BFE00A2F28D /* XCRemoteSwiftPackageReference "SwiftyJSON" */ = {
			isa = XCRemoteSwiftPackageReference;
			repositoryURL = "https://github.com/SwiftyJSON/SwiftyJSON.git";
			requirement = {
				kind = upToNextMajorVersion;
				minimumVersion = 5.0.0;
			};
		};
		636F54D628AA0C0700A2F28D /* XCRemoteSwiftPackageReference "Alamofire" */ = {
			isa = XCRemoteSwiftPackageReference;
			repositoryURL = "https://github.com/Alamofire/Alamofire.git";
			requirement = {
				kind = upToNextMajorVersion;
				minimumVersion = 5.0.0;
			};
		};
/* End XCRemoteSwiftPackageReference section */

/* Begin XCSwiftPackageProductDependency section */
		636F54D128AA0BF300A2F28D /* Kingfisher */ = {
			isa = XCSwiftPackageProductDependency;
			package = 636F54D028AA0BF300A2F28D /* XCRemoteSwiftPackageReference "Kingfisher" */;
			productName = Kingfisher;
		};
		636F54D428AA0BFE00A2F28D /* SwiftyJSON */ = {
			isa = XCSwiftPackageProductDependency;
			package = 636F54D328AA0BFE00A2F28D /* XCRemoteSwiftPackageReference "SwiftyJSON" */;
			productName = SwiftyJSON;
		};
		636F54D728AA0C0700A2F28D /* Alamofire */ = {
			isa = XCSwiftPackageProductDependency;
			package = 636F54D628AA0C0700A2F28D /* XCRemoteSwiftPackageReference "Alamofire" */;
			productName = Alamofire;
		};
/* End XCSwiftPackageProductDependency section */
	};
	rootObject = 639A72C128A643A300AAED19 /* Project object */;
}
